
Microsoft Visual Studio Solution File, Format Version 12.00
# Visual Studio Version 16
VisualStudioVersion = 16.0.30503.244
MinimumVisualStudioVersion = 10.0.40219.1
Project("{FAE04EC0-301F-11D3-BF4B-00C04F79EFBC}") = "SDV-Outlook-Tools", "SDV-Outlook-Tools.csproj", "{8D8CC5F5-9A14-4AC4-9892-AB574C2BCA8E}"
EndProject
Project("{930C7802-8A8C-48F9-8165-68863BCCD9DD}") = "Install-SDV-Outlook-Tools", "..\Install-SDV-Outlook-Tools\Install-SDV-Outlook-Tools.wixproj", "{B15885F2-65D0-4BCD-9EB4-91D46F404012}"
EndProject
Global
	GlobalSection(SolutionConfigurationPlatforms) = preSolution
		Debug|Any CPU = Debug|Any CPU
		Debug|x86 = Debug|x86
		Release|Any CPU = Release|Any CPU
		Release|x86 = Release|x86
	EndGlobalSection
	GlobalSection(ProjectConfigurationPlatforms) = postSolution
		{8D8CC5F5-9A14-4AC4-9892-AB574C2BCA8E}.Debug|Any CPU.ActiveCfg = Release|Any CPU
		{8D8CC5F5-9A14-4AC4-9892-AB574C2BCA8E}.Debug|Any CPU.Build.0 = Release|Any CPU
		{8D8CC5F5-9A14-4AC4-9892-AB574C2BCA8E}.Debug|x86.ActiveCfg = Debug|Any CPU
		{8D8CC5F5-9A14-4AC4-9892-AB574C2BCA8E}.Debug|x86.Build.0 = Debug|Any CPU
		{8D8CC5F5-9A14-4AC4-9892-AB574C2BCA8E}.Release|Any CPU.ActiveCfg = Release|Any CPU
		{8D8CC5F5-9A14-4AC4-9892-AB574C2BCA8E}.Release|Any CPU.Build.0 = Release|Any CPU
		{8D8CC5F5-9A14-4AC4-9892-AB574C2BCA8E}.Release|x86.ActiveCfg = Release|Any CPU
		{8D8CC5F5-9A14-4AC4-9892-AB574C2BCA8E}.Release|x86.Build.0 = Release|Any CPU
		{B15885F2-65D0-4BCD-9EB4-91D46F404012}.Debug|Any CPU.ActiveCfg = Release|x86
		{B15885F2-65D0-4BCD-9EB4-91D46F404012}.Debug|Any CPU.Build.0 = Release|x86
		{B15885F2-65D0-4BCD-9EB4-91D46F404012}.Debug|x86.ActiveCfg = Debug|x86
		{B15885F2-65D0-4BCD-9EB4-91D46F404012}.Debug|x86.Build.0 = Debug|x86
		{B15885F2-65D0-4BCD-9EB4-91D46F404012}.Release|Any CPU.ActiveCfg = Release|x86
		{B15885F2-65D0-4BCD-9EB4-91D46F404012}.Release|Any CPU.Build.0 = Release|x86
		{B15885F2-65D0-4BCD-9EB4-91D46F404012}.Release|x86.ActiveCfg = Release|x86
		{B15885F2-65D0-4BCD-9EB4-91D46F404012}.Release|x86.Build.0 = Release|x86
	EndGlobalSection
	GlobalSection(SolutionProperties) = preSolution
		HideSolutionNode = FALSE
	EndGlobalSection
	GlobalSection(ExtensibilityGlobals) = postSolution
		SolutionGuid = {ACEB836F-7266-404B-AD5E-4BEFB3421C0F}
	EndGlobalSection
EndGlobal
