
Microsoft Visual Studio Solution File, Format Version 12.00
# Visual Studio Version 16
VisualStudioVersion = 16.0.30503.244
MinimumVisualStudioVersion = 10.0.40219.1
Project("{FAE04EC0-301F-11D3-BF4B-00C04F79EFBC}") = "SDV-Outlook-Tools", "SDV-Outlook-Tools.csproj", "{8D8CC5F5-9A14-4AC4-9892-AB574C2BCA8E}"
EndProject
Global
	GlobalSection(SolutionConfigurationPlatforms) = preSolution
		Debug|Any CPU = Debug|Any CPU
		Release|Any CPU = Release|Any CPU
	EndGlobalSection
	GlobalSection(ProjectConfigurationPlatforms) = postSolution
		{8D8CC5F5-9A14-4AC4-9892-AB574C2BCA8E}.Debug|Any CPU.ActiveCfg = Debug|Any CPU
		{8D8CC5F5-9A14-4AC4-9892-AB574C2BCA8E}.Debug|Any CPU.Build.0 = Debug|Any CPU
		{8D8CC5F5-9A14-4AC4-9892-AB574C2BCA8E}.Release|Any CPU.ActiveCfg = Release|Any CPU
		{8D8CC5F5-9A14-4AC4-9892-AB574C2BCA8E}.Release|Any CPU.Build.0 = Release|Any CPU
	EndGlobalSection
	GlobalSection(SolutionProperties) = preSolution
		HideSolutionNode = FALSE
	EndGlobalSection
	GlobalSection(ExtensibilityGlobals) = postSolution
		SolutionGuid = {ACEB836F-7266-404B-AD5E-4BEFB3421C0F}
	EndGlobalSection
EndGlobal
